
Microsoft Visual Studio Solution File, Format Version 12.00
# Visual Studio Version 16
VisualStudioVersion = 16.0.28917.181
MinimumVisualStudioVersion = 10.0.40219.1
Project("{FAE04EC0-301F-11D3-BF4B-00C04F79EFBC}") = "MeetingResponseServer", "MeetingResponseServer\MeetingResponseServer.csproj", "{1B7BDC3E-AFCA-41B2-9BF7-93351A15ED09}"
EndProject
Global
	GlobalSection(SolutionConfigurationPlatforms) = preSolution
		Debug|Any CPU = Debug|Any CPU
		Release|Any CPU = Release|Any CPU
	EndGlobalSection
	GlobalSection(ProjectConfigurationPlatforms) = postSolution
		{1B7BDC3E-AFCA-41B2-9BF7-93351A15ED09}.Debug|Any CPU.ActiveCfg = Debug|Any CPU
		{1B7BDC3E-AFCA-41B2-9BF7-93351A15ED09}.Debug|Any CPU.Build.0 = Debug|Any CPU
		{1B7BDC3E-AFCA-41B2-9BF7-93351A15ED09}.Release|Any CPU.ActiveCfg = Release|Any CPU
		{1B7BDC3E-AFCA-41B2-9BF7-93351A15ED09}.Release|Any CPU.Build.0 = Release|Any CPU
	EndGlobalSection
	GlobalSection(SolutionProperties) = preSolution
		HideSolutionNode = FALSE
	EndGlobalSection
	GlobalSection(ExtensibilityGlobals) = postSolution
		SolutionGuid = {F7842740-37A5-4CE8-93C2-C77C75FCA505}
	EndGlobalSection
EndGlobal
